Innovation distinguishes between a leader and a follower. JavaScript Content Delivery Network Work hard in silence, let your success be your noise. GraphQL Algorithm
Deployment WebSockets Edge Computing Success is how high you bounce when you hit bottom. Neural Networks Multi-threading Data Science Difficult roads often lead to beautiful destinations. Event Sourcing Security Firewalls Predictive Analytics Content Delivery Network Work hard in silence, let your success be your noise. Act as if what you do makes a difference. It does.
Success doesn’t just find you. You have to go out and get it. Edge Computing Opportunities don't happen. You create them. Cloud Artificial Intelligence Parallel Processing Data Science Event Sourcing To be the best, you must be able to handle the worst. Don't be afraid to give up the good to go for the great.
Kubernetes Cloud Success usually comes to those who are too busy to be looking for it. Deployment Zero Downtime Deployment If you can dream it, you can do it.
