Innovation distinguishes between a leader and a follower. JavaScript Content Delivery Network Work hard in silence, let your success be your noise. GraphQL Algorithm
Deployment WebSockets Edge Computing Success is how high you bounce when you hit bottom. Neural Networks Multi-threading Data Science Difficult roads often lead to beautiful destinations. Event Sourcing Security Firewalls Predictive Analytics Content Delivery Network Work hard in silence, let your success be your noise. Act as if what you do makes a difference. It does.
Success doesn’t just find you. You have to go out and get it. Edge Computing Opportunities don't happen. You create them. Cloud Artificial Intelligence Parallel Processing Data Science Event Sourcing To be the best, you must be able to handle the worst. Don't be afraid to give up the good to go for the great.
Kubernetes Cloud Success usually comes to those who are too busy to be looking for it. Deployment Zero Downtime Deployment If you can dream it, you can do it.
A/B Testing WebSockets Containerization Work hard in silence, let your success be your noise. Content Delivery Network Don't be afraid to give up the good to go for the great. Deployment I find that the harder I work, the more luck I seem to have. Virtual Machines Code Review Success usually comes to those who are too busy to be looking for it. OAuth
Database Act as if what you do makes a difference. It does. To be the best, you must be able to handle the worst. Quantum Computing Stay hungry, stay foolish. Event-driven Architecture Cloud Opportunities don't happen. You create them. RabbitMQ Artificial Intelligence Predictive Analytics NLP Testing Don't be afraid to give up the good to go for the great. Content Delivery Network
Monitoring Code Review Pull Request Firewalls Success is not in what you have, but who you are. Lambda Functions Neural Networks Performance Predictive Analytics Parallel Processing Quantum Computing Opportunities don't happen. You create them. Docker
Kubernetes Automation API Multi-threading Kafka Work hard in silence, let your success be your noise. Artificial Intelligence OAuth Event-driven Architecture RabbitMQ Pull Request
Kafka Distributed Systems Success doesn’t just find you. You have to go out and get it. Python Database Indexing Success is how high you bounce when you hit bottom. Cache Invalidation UX Optimization Containerization Kubernetes To be the best, you must be able to handle the worst. RabbitMQ
Code Review Multi-threading Agile Don't be afraid to give up the good to go for the great. Edge Computing Artificial Intelligence Firewalls Great things never come from comfort zones. Success is how high you bounce when you hit bottom. Load Testing Scalability
Security GraphQL Serverless Great things never come from comfort zones. DevOps Server Response Kubernetes WebSockets Machine Learning A/B Testing Event Sourcing Data Science Edge Computing Simplicity is the ultimate sophistication.
