Parallel Processing Kubernetes Deployment IoT Cloud The only way to do great work is to love what you do. Microservices A/B Testing API Backend Database Difficult roads often lead to beautiful destinations. JavaScript Content Delivery Network CI/CD
Success usually comes to those who are too busy to be looking for it. Version Control IoT Predictive Analytics Cloud Functions To be the best, you must be able to handle the worst. Load Balancing Testing Kubernetes Code Review
Neural Networks JavaScript Edge Computing Great things never come from comfort zones. A/B Testing Blockchain
Version Control UX Optimization Microservices Database Event Sourcing OAuth Serverless Pull Request Kafka
Containerization Event-driven Architecture Data Science NLP Quantum Computing A/B Testing Stay hungry, stay foolish. Automation Agile DevOps Cloud Functions Backend Difficult roads often lead to beautiful destinations. Success is how high you bounce when you hit bottom. Pull Request
Data Science Don't be afraid to give up the good to go for the great. Algorithm JavaScript Deployment Do what you love and the money will follow. Pull Request GraphQL Work hard in silence, let your success be your noise. Stay hungry, stay foolish. Cloud Functions Act as if what you do makes a difference. It does. Artificial Intelligence OAuth Optimization
WebSockets Load Testing API Gateway Neural Networks Great things never come from comfort zones. If you can dream it, you can do it.
Parallel Processing Cache Invalidation CI/CD UX Optimization Kafka Cloud Functions NLP The only way to do great work is to love what you do. Optimization RabbitMQ
NLP DevOps Kubernetes API Monitoring Big Data Logging Edge Computing
Firewalls Machine Learning Cache Invalidation Kafka JWT Serverless Security WebSockets Optimization API Gateway Parallel Processing NLP Data Science Container Orchestration Performance
Python Event Sourcing Server Response Monitoring Cloud Functions Success is how high you bounce when you hit bottom. Load Balancing UX Optimization CI/CD Work hard in silence, let your success be your noise. Code Review Sharding IoT API Gateway Algorithm
Kubernetes Machine Learning Success is how high you bounce when you hit bottom. Monitoring Server Response API Gateway Cache Invalidation Serverless
If you can dream it, you can do it. Machine Learning Data Pipeline OAuth Distributed Systems Happiness is not something ready made. It comes from your own actions. Frontend Sharding Opportunities don't happen. You create them. Performance UX Optimization JavaScript Neural Networks Load Balancing
Automation Event-driven Architecture Success is how high you bounce when you hit bottom. Cloud Success doesn’t just find you. You have to go out and get it. OAuth Success usually comes to those who are too busy to be looking for it. IoT
Backend Docker A/B Testing Distributed Systems Microservices Firewalls OAuth Don't be afraid to give up the good to go for the great. Replica Set Stay hungry, stay foolish. Framework If you can dream it, you can do it. Success doesn’t just find you. You have to go out and get it. Cache Invalidation Simplicity is the ultimate sophistication.
Event-driven Architecture NLP Code Review Version Control I find that the harder I work, the more luck I seem to have.
Work hard in silence, let your success be your noise. JWT If you can dream it, you can do it. Frontend Performance API Gateway Artificial Intelligence Machine Learning Innovation distinguishes between a leader and a follower. Backend
UX Optimization WebSockets The only way to do great work is to love what you do. Logging Load Balancing Python Agile Security Success is not in what you have, but who you are. Multi-threading Dream big and dare to fail. Containerization Edge Computing Event-driven Architecture NLP
Kubernetes Cache Invalidation Stay hungry, stay foolish. Quantum Computing Kafka Security Dream big and dare to fail. Frontend
Do what you love and the money will follow. Neural Networks Testing Security Difficult roads often lead to beautiful destinations. Monitoring Event Sourcing Big Data Cloud Functions Serverless
The only way to do great work is to love what you do. Machine Learning Container Orchestration Algorithm Message Queue Blockchain Data Science Monitoring Success is not in what you have, but who you are. JWT Lambda Functions
Pull Request Stay hungry, stay foolish. Performance API Agile Lambda Functions Database Load Testing Firewalls Dream big and dare to fail.
Framework UX Optimization Latency Optimization Quantum Computing Testing Microservices Artificial Intelligence To be the best, you must be able to handle the worst.
Opportunities don't happen. You create them. Kafka Firewalls Event-driven Architecture To be the best, you must be able to handle the worst. DevOps UX Optimization GraphQL Happiness is not something ready made. It comes from your own actions. Logging Do what you love and the money will follow. Docker Python
Machine Learning Firewalls Scalability JavaScript IoT DNS Routing Quantum Computing Optimization Happiness is not something ready made. It comes from your own actions. OAuth API Gateway Predictive Analytics Python Deployment
Happiness is not something ready made. It comes from your own actions. RabbitMQ Opportunities don't happen. You create them. OAuth Logging Stay hungry, stay foolish. Innovation distinguishes between a leader and a follower. Data Pipeline Virtual Machines
API Virtual Machines Microservices IoT Work hard in silence, let your success be your noise. Do what you love and the money will follow. Content Delivery Network JavaScript Code Review Neural Networks DNS Routing Multi-threading
Simplicity is the ultimate sophistication. DevOps Optimization Load Balancing Monitoring JavaScript Testing Artificial Intelligence Success is how high you bounce when you hit bottom. Database
Predictive Analytics Great things never come from comfort zones. Simplicity is the ultimate sophistication. RabbitMQ Success usually comes to those who are too busy to be looking for it. Virtual Machines Load Balancing GraphQL
If you can dream it, you can do it. Backend Dream big and dare to fail. Deployment Quantum Computing Success doesn’t just find you. You have to go out and get it. Load Balancing Load Testing Data Science
Stay hungry, stay foolish. Message Queue Multi-threading Kafka Firewalls DevOps Predictive Analytics Pull Request RabbitMQ Agile The only way to do great work is to love what you do. Testing Success doesn’t just find you. You have to go out and get it. Success is how high you bounce when you hit bottom.
Frontend Pull Request Security JWT Cloud Functions Database Performance DevOps Data Science Great things never come from comfort zones.
Cloud Functions Serverless GraphQL Data Pipeline Big Data JWT Predictive Analytics Code Review
Security Difficult roads often lead to beautiful destinations. Opportunities don't happen. You create them. Dream big and dare to fail. Cache Invalidation Sharding Automation React Content Delivery Network
Success usually comes to those who are too busy to be looking for it. Containerization Framework Data Pipeline Replica Set Sharding Backend Big Data JWT Docker Scalability Do what you love and the money will follow. Monitoring
