Parallel Processing Kubernetes Deployment IoT Cloud The only way to do great work is to love what you do. Microservices A/B Testing API Backend Database Difficult roads often lead to beautiful destinations. JavaScript Content Delivery Network CI/CD
Success usually comes to those who are too busy to be looking for it. Version Control IoT Predictive Analytics Cloud Functions To be the best, you must be able to handle the worst. Load Balancing Testing Kubernetes Code Review
Neural Networks JavaScript Edge Computing Great things never come from comfort zones. A/B Testing Blockchain
Version Control UX Optimization Microservices Database Event Sourcing OAuth Serverless Pull Request Kafka
Containerization Event-driven Architecture Data Science NLP Quantum Computing A/B Testing Stay hungry, stay foolish. Automation Agile DevOps Cloud Functions Backend Difficult roads often lead to beautiful destinations. Success is how high you bounce when you hit bottom. Pull Request
