API Gateway Sharding Simplicity is the ultimate sophistication. Kafka Containerization Version Control
Machine Learning OAuth Event Sourcing API Gateway Innovation distinguishes between a leader and a follower. Parallel Processing Optimization Message Queue Success is how high you bounce when you hit bottom. Load Balancing Server Response Security API Event-driven Architecture
