API Gateway Sharding Simplicity is the ultimate sophistication. Kafka Containerization Version Control
Machine Learning OAuth Event Sourcing API Gateway Innovation distinguishes between a leader and a follower. Parallel Processing Optimization Message Queue Success is how high you bounce when you hit bottom. Load Balancing Server Response Security API Event-driven Architecture
Kubernetes Automation JavaScript Success usually comes to those who are too busy to be looking for it. Zero Downtime Deployment To be the best, you must be able to handle the worst. Sharding Kafka Code Review Act as if what you do makes a difference. It does. Data Science NLP
Work hard in silence, let your success be your noise. Opportunities don't happen. You create them. Kafka Event-driven Architecture Lambda Functions Big Data Edge Computing
